
Microsoft Visual Studio Solution File, Format Version 12.00
# Visual Studio 15
VisualStudioVersion = 15.0.27428.2002
MinimumVisualStudioVersion = 10.0.40219.1
Project("{FAE04EC0-301F-11D3-BF4B-00C04F79EFBC}") = "MoviesPortable.Android", "MoviesPortable\MoviesPortable.Android\MoviesPortable.Android.csproj", "{E6871882-9805-40B5-92BF-D373A6F47EBA}"
EndProject
Project("{FAE04EC0-301F-11D3-BF4B-00C04F79EFBC}") = "MoviesPortable.iOS", "MoviesPortable\MoviesPortable.iOS\MoviesPortable.iOS.csproj", "{4C683706-8023-4C5E-A2CB-A79F64DD8E41}"
EndProject
Project("{FAE04EC0-301F-11D3-BF4B-00C04F79EFBC}") = "MoviesPortable", "MoviesPortable\MoviesPortable\MoviesPortable.csproj", "{FF857F38-AC7C-4155-9D6B-B8DB85427029}"
EndProject
Global
	GlobalSection(SolutionConfigurationPlatforms) = preSolution
		Ad-Hoc|Any CPU = Ad-Hoc|Any CPU
		Ad-Hoc|iPhone = Ad-Hoc|iPhone
		Ad-Hoc|iPhoneSimulator = Ad-Hoc|iPhoneSimulator
		AppStore|Any CPU = AppStore|Any CPU
		AppStore|iPhone = AppStore|iPhone
		AppStore|iPhoneSimulator = AppStore|iPhoneSimulator
		Debug|Any CPU = Debug|Any CPU
		Debug|iPhone = Debug|iPhone
		Debug|iPhoneSimulator = Debug|iPhoneSimulator
		Release|Any CPU = Release|Any CPU
		Release|iPhone = Release|iPhone
		Release|iPhoneSimulator = Release|iPhoneSimulator
	EndGlobalSection
	GlobalSection(ProjectConfigurationPlatforms) = postSolution
		{E6871882-9805-40B5-92BF-D373A6F47EBA}.Ad-Hoc|Any CPU.ActiveCfg = Release|Any CPU
		{E6871882-9805-40B5-92BF-D373A6F47EBA}.Ad-Hoc|Any CPU.Build.0 = Release|Any CPU
		{E6871882-9805-40B5-92BF-D373A6F47EBA}.Ad-Hoc|Any CPU.Deploy.0 = Release|Any CPU
		{E6871882-9805-40B5-92BF-D373A6F47EBA}.Ad-Hoc|iPhone.ActiveCfg = Release|Any CPU
		{E6871882-9805-40B5-92BF-D373A6F47EBA}.Ad-Hoc|iPhone.Build.0 = Release|Any CPU
		{E6871882-9805-40B5-92BF-D373A6F47EBA}.Ad-Hoc|iPhone.Deploy.0 = Release|Any CPU
		{E6871882-9805-40B5-92BF-D373A6F47EBA}.Ad-Hoc|iPhoneSimulator.ActiveCfg = Release|Any CPU
		{E6871882-9805-40B5-92BF-D373A6F47EBA}.Ad-Hoc|iPhoneSimulator.Build.0 = Release|Any CPU
		{E6871882-9805-40B5-92BF-D373A6F47EBA}.Ad-Hoc|iPhoneSimulator.Deploy.0 = Release|Any CPU
		{E6871882-9805-40B5-92BF-D373A6F47EBA}.AppStore|Any CPU.ActiveCfg = Release|Any CPU
		{E6871882-9805-40B5-92BF-D373A6F47EBA}.AppStore|Any CPU.Build.0 = Release|Any CPU
		{E6871882-9805-40B5-92BF-D373A6F47EBA}.AppStore|Any CPU.Deploy.0 = Release|Any CPU
		{E6871882-9805-40B5-92BF-D373A6F47EBA}.AppStore|iPhone.ActiveCfg = Release|Any CPU
		{E6871882-9805-40B5-92BF-D373A6F47EBA}.AppStore|iPhone.Build.0 = Release|Any CPU
		{E6871882-9805-40B5-92BF-D373A6F47EBA}.AppStore|iPhone.Deploy.0 = Release|Any CPU
		{E6871882-9805-40B5-92BF-D373A6F47EBA}.AppStore|iPhoneSimulator.ActiveCfg = Release|Any CPU
		{E6871882-9805-40B5-92BF-D373A6F47EBA}.AppStore|iPhoneSimulator.Build.0 = Release|Any CPU
		{E6871882-9805-40B5-92BF-D373A6F47EBA}.AppStore|iPhoneSimulator.Deploy.0 = Release|Any CPU
		{E6871882-9805-40B5-92BF-D373A6F47EBA}.Debug|Any CPU.ActiveCfg = Debug|Any CPU
		{E6871882-9805-40B5-92BF-D373A6F47EBA}.Debug|Any CPU.Build.0 = Debug|Any CPU
		{E6871882-9805-40B5-92BF-D373A6F47EBA}.Debug|Any CPU.Deploy.0 = Debug|Any CPU
		{E6871882-9805-40B5-92BF-D373A6F47EBA}.Debug|iPhone.ActiveCfg = Debug|Any CPU
		{E6871882-9805-40B5-92BF-D373A6F47EBA}.Debug|iPhone.Build.0 = Debug|Any CPU
		{E6871882-9805-40B5-92BF-D373A6F47EBA}.Debug|iPhone.Deploy.0 = Debug|Any CPU
		{E6871882-9805-40B5-92BF-D373A6F47EBA}.Debug|iPhoneSimulator.ActiveCfg = Debug|Any CPU
		{E6871882-9805-40B5-92BF-D373A6F47EBA}.Debug|iPhoneSimulator.Build.0 = Debug|Any CPU
		{E6871882-9805-40B5-92BF-D373A6F47EBA}.Debug|iPhoneSimulator.Deploy.0 = Debug|Any CPU
		{E6871882-9805-40B5-92BF-D373A6F47EBA}.Release|Any CPU.ActiveCfg = Release|Any CPU
		{E6871882-9805-40B5-92BF-D373A6F47EBA}.Release|Any CPU.Build.0 = Release|Any CPU
		{E6871882-9805-40B5-92BF-D373A6F47EBA}.Release|Any CPU.Deploy.0 = Release|Any CPU
		{E6871882-9805-40B5-92BF-D373A6F47EBA}.Release|iPhone.ActiveCfg = Release|Any CPU
		{E6871882-9805-40B5-92BF-D373A6F47EBA}.Release|iPhone.Build.0 = Release|Any CPU
		{E6871882-9805-40B5-92BF-D373A6F47EBA}.Release|iPhone.Deploy.0 = Release|Any CPU
		{E6871882-9805-40B5-92BF-D373A6F47EBA}.Release|iPhoneSimulator.ActiveCfg = Release|Any CPU
		{E6871882-9805-40B5-92BF-D373A6F47EBA}.Release|iPhoneSimulator.Build.0 = Release|Any CPU
		{E6871882-9805-40B5-92BF-D373A6F47EBA}.Release|iPhoneSimulator.Deploy.0 = Release|Any CPU
		{4C683706-8023-4C5E-A2CB-A79F64DD8E41}.Ad-Hoc|Any CPU.ActiveCfg = Ad-Hoc|iPhone
		{4C683706-8023-4C5E-A2CB-A79F64DD8E41}.Ad-Hoc|iPhone.ActiveCfg = Ad-Hoc|iPhone
		{4C683706-8023-4C5E-A2CB-A79F64DD8E41}.Ad-Hoc|iPhone.Build.0 = Ad-Hoc|iPhone
		{4C683706-8023-4C5E-A2CB-A79F64DD8E41}.Ad-Hoc|iPhoneSimulator.ActiveCfg = Ad-Hoc|iPhoneSimulator
		{4C683706-8023-4C5E-A2CB-A79F64DD8E41}.Ad-Hoc|iPhoneSimulator.Build.0 = Ad-Hoc|iPhoneSimulator
		{4C683706-8023-4C5E-A2CB-A79F64DD8E41}.AppStore|Any CPU.ActiveCfg = AppStore|iPhone
		{4C683706-8023-4C5E-A2CB-A79F64DD8E41}.AppStore|iPhone.ActiveCfg = AppStore|iPhone
		{4C683706-8023-4C5E-A2CB-A79F64DD8E41}.AppStore|iPhone.Build.0 = AppStore|iPhone
		{4C683706-8023-4C5E-A2CB-A79F64DD8E41}.AppStore|iPhoneSimulator.ActiveCfg = AppStore|iPhoneSimulator
		{4C683706-8023-4C5E-A2CB-A79F64DD8E41}.AppStore|iPhoneSimulator.Build.0 = AppStore|iPhoneSimulator
		{4C683706-8023-4C5E-A2CB-A79F64DD8E41}.Debug|Any CPU.ActiveCfg = Debug|iPhone
		{4C683706-8023-4C5E-A2CB-A79F64DD8E41}.Debug|iPhone.ActiveCfg = Debug|iPhone
		{4C683706-8023-4C5E-A2CB-A79F64DD8E41}.Debug|iPhone.Build.0 = Debug|iPhone
		{4C683706-8023-4C5E-A2CB-A79F64DD8E41}.Debug|iPhoneSimulator.ActiveCfg = Debug|iPhoneSimulator
		{4C683706-8023-4C5E-A2CB-A79F64DD8E41}.Debug|iPhoneSimulator.Build.0 = Debug|iPhoneSimulator
		{4C683706-8023-4C5E-A2CB-A79F64DD8E41}.Release|Any CPU.ActiveCfg = Release|iPhone
		{4C683706-8023-4C5E-A2CB-A79F64DD8E41}.Release|iPhone.ActiveCfg = Release|iPhone
		{4C683706-8023-4C5E-A2CB-A79F64DD8E41}.Release|iPhone.Build.0 = Release|iPhone
		{4C683706-8023-4C5E-A2CB-A79F64DD8E41}.Release|iPhoneSimulator.ActiveCfg = Release|iPhoneSimulator
		{4C683706-8023-4C5E-A2CB-A79F64DD8E41}.Release|iPhoneSimulator.Build.0 = Release|iPhoneSimulator
		{FF857F38-AC7C-4155-9D6B-B8DB85427029}.Ad-Hoc|Any CPU.ActiveCfg = Debug|Any CPU
		{FF857F38-AC7C-4155-9D6B-B8DB85427029}.Ad-Hoc|Any CPU.Build.0 = Debug|Any CPU
		{FF857F38-AC7C-4155-9D6B-B8DB85427029}.Ad-Hoc|iPhone.ActiveCfg = Debug|Any CPU
		{FF857F38-AC7C-4155-9D6B-B8DB85427029}.Ad-Hoc|iPhone.Build.0 = Debug|Any CPU
		{FF857F38-AC7C-4155-9D6B-B8DB85427029}.Ad-Hoc|iPhoneSimulator.ActiveCfg = Debug|Any CPU
		{FF857F38-AC7C-4155-9D6B-B8DB85427029}.Ad-Hoc|iPhoneSimulator.Build.0 = Debug|Any CPU
		{FF857F38-AC7C-4155-9D6B-B8DB85427029}.AppStore|Any CPU.ActiveCfg = Debug|Any CPU
		{FF857F38-AC7C-4155-9D6B-B8DB85427029}.AppStore|Any CPU.Build.0 = Debug|Any CPU
		{FF857F38-AC7C-4155-9D6B-B8DB85427029}.AppStore|iPhone.ActiveCfg = Debug|Any CPU
		{FF857F38-AC7C-4155-9D6B-B8DB85427029}.AppStore|iPhone.Build.0 = Debug|Any CPU
		{FF857F38-AC7C-4155-9D6B-B8DB85427029}.AppStore|iPhoneSimulator.ActiveCfg = Debug|Any CPU
		{FF857F38-AC7C-4155-9D6B-B8DB85427029}.AppStore|iPhoneSimulator.Build.0 = Debug|Any CPU
		{FF857F38-AC7C-4155-9D6B-B8DB85427029}.Debug|Any CPU.ActiveCfg = Debug|Any CPU
		{FF857F38-AC7C-4155-9D6B-B8DB85427029}.Debug|Any CPU.Build.0 = Debug|Any CPU
		{FF857F38-AC7C-4155-9D6B-B8DB85427029}.Debug|iPhone.ActiveCfg = Debug|Any CPU
		{FF857F38-AC7C-4155-9D6B-B8DB85427029}.Debug|iPhone.Build.0 = Debug|Any CPU
		{FF857F38-AC7C-4155-9D6B-B8DB85427029}.Debug|iPhoneSimulator.ActiveCfg = Debug|Any CPU
		{FF857F38-AC7C-4155-9D6B-B8DB85427029}.Debug|iPhoneSimulator.Build.0 = Debug|Any CPU
		{FF857F38-AC7C-4155-9D6B-B8DB85427029}.Release|Any CPU.ActiveCfg = Release|Any CPU
		{FF857F38-AC7C-4155-9D6B-B8DB85427029}.Release|Any CPU.Build.0 = Release|Any CPU
		{FF857F38-AC7C-4155-9D6B-B8DB85427029}.Release|iPhone.ActiveCfg = Release|Any CPU
		{FF857F38-AC7C-4155-9D6B-B8DB85427029}.Release|iPhone.Build.0 = Release|Any CPU
		{FF857F38-AC7C-4155-9D6B-B8DB85427029}.Release|iPhoneSimulator.ActiveCfg = Release|Any CPU
		{FF857F38-AC7C-4155-9D6B-B8DB85427029}.Release|iPhoneSimulator.Build.0 = Release|Any CPU
	EndGlobalSection
	GlobalSection(SolutionProperties) = preSolution
		HideSolutionNode = FALSE
	EndGlobalSection
	GlobalSection(ExtensibilityGlobals) = postSolution
		SolutionGuid = {090F5E78-E49D-4719-9AD4-72362E5489C6}
	EndGlobalSection
EndGlobal
